
Microsoft Visual Studio Solution File, Format Version 12.00
# Visual Studio Version 17
VisualStudioVersion = 17.1.32407.343
MinimumVisualStudioVersion = 10.0.40219.1
Project("{FAE04EC0-301F-11D3-BF4B-00C04F79EFBC}") = "Assign06_PP", "Assign06_PP\Assign06_PP.csproj", "{AA48E641-8826-4B27-BA09-30F643C55E6F}"
EndProject
Global
	GlobalSection(SolutionConfigurationPlatforms) = preSolution
		Debug|Any CPU = Debug|Any CPU
		Release|Any CPU = Release|Any CPU
	EndGlobalSection
	GlobalSection(ProjectConfigurationPlatforms) = postSolution
		{AA48E641-8826-4B27-BA09-30F643C55E6F}.Debug|Any CPU.ActiveCfg = Debug|Any CPU
		{AA48E641-8826-4B27-BA09-30F643C55E6F}.Debug|Any CPU.Build.0 = Debug|Any CPU
		{AA48E641-8826-4B27-BA09-30F643C55E6F}.Release|Any CPU.ActiveCfg = Release|Any CPU
		{AA48E641-8826-4B27-BA09-30F643C55E6F}.Release|Any CPU.Build.0 = Release|Any CPU
	EndGlobalSection
	GlobalSection(SolutionProperties) = preSolution
		HideSolutionNode = FALSE
	EndGlobalSection
	GlobalSection(ExtensibilityGlobals) = postSolution
		SolutionGuid = {A854890E-2BB2-4258-8313-4190ABF2756D}
	EndGlobalSection
EndGlobal
